
Microsoft Visual Studio Solution File, Format Version 12.00
# Visual Studio 2013
VisualStudioVersion = 12.0.31101.0
MinimumVisualStudioVersion = 10.0.40219.1
Project("{FAE04EC0-301F-11D3-BF4B-00C04F79EFBC}") = "Macrophotography", "Macrophotography\Macrophotography.csproj", "{66F5161F-7038-4270-A1F5-E306EEF33FBF}"
EndProject
Global
	GlobalSection(SolutionConfigurationPlatforms) = preSolution
		Debug NewCameraControl|Any CPU = Debug NewCameraControl|Any CPU
		Debug NewCameraControl|x86 = Debug NewCameraControl|x86
		Debug|Any CPU = Debug|Any CPU
		Debug|x86 = Debug|x86
		Duka|Any CPU = Duka|Any CPU
		Duka|x86 = Duka|x86
		Juan|Any CPU = Juan|Any CPU
		Juan|x86 = Juan|x86
		Release|Any CPU = Release|Any CPU
		Release|x86 = Release|x86
		Vaio|Any CPU = Vaio|Any CPU
		Vaio|x86 = Vaio|x86
		Win10SuperPi|Any CPU = Win10SuperPi|Any CPU
		Win10SuperPi|x86 = Win10SuperPi|x86
	EndGlobalSection
	GlobalSection(ProjectConfigurationPlatforms) = postSolution
		{66F5161F-7038-4270-A1F5-E306EEF33FBF}.Debug NewCameraControl|Any CPU.ActiveCfg = Debug NewCameraControl|Any CPU
		{66F5161F-7038-4270-A1F5-E306EEF33FBF}.Debug NewCameraControl|Any CPU.Build.0 = Debug NewCameraControl|Any CPU
		{66F5161F-7038-4270-A1F5-E306EEF33FBF}.Debug NewCameraControl|x86.ActiveCfg = Debug NewCameraControl|x86
		{66F5161F-7038-4270-A1F5-E306EEF33FBF}.Debug NewCameraControl|x86.Build.0 = Debug NewCameraControl|x86
		{66F5161F-7038-4270-A1F5-E306EEF33FBF}.Debug|Any CPU.ActiveCfg = Debug|Any CPU
		{66F5161F-7038-4270-A1F5-E306EEF33FBF}.Debug|Any CPU.Build.0 = Debug|Any CPU
		{66F5161F-7038-4270-A1F5-E306EEF33FBF}.Debug|x86.ActiveCfg = Debug|x86
		{66F5161F-7038-4270-A1F5-E306EEF33FBF}.Debug|x86.Build.0 = Debug|x86
		{66F5161F-7038-4270-A1F5-E306EEF33FBF}.Duka|Any CPU.ActiveCfg = Duka|Any CPU
		{66F5161F-7038-4270-A1F5-E306EEF33FBF}.Duka|Any CPU.Build.0 = Duka|Any CPU
		{66F5161F-7038-4270-A1F5-E306EEF33FBF}.Duka|x86.ActiveCfg = Duka|x86
		{66F5161F-7038-4270-A1F5-E306EEF33FBF}.Duka|x86.Build.0 = Duka|x86
		{66F5161F-7038-4270-A1F5-E306EEF33FBF}.Juan|Any CPU.ActiveCfg = Juan|Any CPU
		{66F5161F-7038-4270-A1F5-E306EEF33FBF}.Juan|Any CPU.Build.0 = Juan|Any CPU
		{66F5161F-7038-4270-A1F5-E306EEF33FBF}.Juan|x86.ActiveCfg = Juan|x86
		{66F5161F-7038-4270-A1F5-E306EEF33FBF}.Juan|x86.Build.0 = Juan|x86
		{66F5161F-7038-4270-A1F5-E306EEF33FBF}.Release|Any CPU.ActiveCfg = Release|Any CPU
		{66F5161F-7038-4270-A1F5-E306EEF33FBF}.Release|Any CPU.Build.0 = Release|Any CPU
		{66F5161F-7038-4270-A1F5-E306EEF33FBF}.Release|x86.ActiveCfg = Release|x86
		{66F5161F-7038-4270-A1F5-E306EEF33FBF}.Release|x86.Build.0 = Release|x86
		{66F5161F-7038-4270-A1F5-E306EEF33FBF}.Vaio|Any CPU.ActiveCfg = Vaio|Any CPU
		{66F5161F-7038-4270-A1F5-E306EEF33FBF}.Vaio|Any CPU.Build.0 = Vaio|Any CPU
		{66F5161F-7038-4270-A1F5-E306EEF33FBF}.Vaio|x86.ActiveCfg = Vaio|x86
		{66F5161F-7038-4270-A1F5-E306EEF33FBF}.Vaio|x86.Build.0 = Vaio|x86
		{66F5161F-7038-4270-A1F5-E306EEF33FBF}.Win10SuperPi|Any CPU.ActiveCfg = Win10SuperPi|Any CPU
		{66F5161F-7038-4270-A1F5-E306EEF33FBF}.Win10SuperPi|Any CPU.Build.0 = Win10SuperPi|Any CPU
		{66F5161F-7038-4270-A1F5-E306EEF33FBF}.Win10SuperPi|x86.ActiveCfg = Win10SuperPi|x86
		{66F5161F-7038-4270-A1F5-E306EEF33FBF}.Win10SuperPi|x86.Build.0 = Win10SuperPi|x86
	EndGlobalSection
	GlobalSection(SolutionProperties) = preSolution
		HideSolutionNode = FALSE
	EndGlobalSection
EndGlobal
