
Microsoft Visual Studio Solution File, Format Version 12.00
# Visual Studio 14
VisualStudioVersion = 14.0.25420.1
MinimumVisualStudioVersion = 10.0.40219.1
Project("{FAE04EC0-301F-11D3-BF4B-00C04F79EFBC}") = "Macrophotography", "Macrophotography\Macrophotography.csproj", "{66F5161F-7038-4270-A1F5-E306EEF33FBF}"
EndProject
Project("{8BC9CEB8-8B4A-11D0-8D11-00A0C91BC942}") = "Microsoft.Maker.Serial", "..\..\windows-remote-arduino-samples\remote-wiring\Microsoft.Maker.win10\Microsoft.Maker.Serial\Microsoft.Maker.Serial.vcxproj", "{8376216C-282A-4927-B9EF-C2D545FE0BCA}"
EndProject
Global
	GlobalSection(SolutionConfigurationPlatforms) = preSolution
		Debug NewCameraControl|Any CPU = Debug NewCameraControl|Any CPU
		Debug NewCameraControl|ARM = Debug NewCameraControl|ARM
		Debug NewCameraControl|x64 = Debug NewCameraControl|x64
		Debug NewCameraControl|x86 = Debug NewCameraControl|x86
		Debug|Any CPU = Debug|Any CPU
		Debug|ARM = Debug|ARM
		Debug|x64 = Debug|x64
		Debug|x86 = Debug|x86
		Duka|Any CPU = Duka|Any CPU
		Duka|ARM = Duka|ARM
		Duka|x64 = Duka|x64
		Duka|x86 = Duka|x86
		Juan|Any CPU = Juan|Any CPU
		Juan|ARM = Juan|ARM
		Juan|x64 = Juan|x64
		Juan|x86 = Juan|x86
		Release|Any CPU = Release|Any CPU
		Release|ARM = Release|ARM
		Release|x64 = Release|x64
		Release|x86 = Release|x86
		Vaio|Any CPU = Vaio|Any CPU
		Vaio|ARM = Vaio|ARM
		Vaio|x64 = Vaio|x64
		Vaio|x86 = Vaio|x86
		Win10SuperPi|Any CPU = Win10SuperPi|Any CPU
		Win10SuperPi|ARM = Win10SuperPi|ARM
		Win10SuperPi|x64 = Win10SuperPi|x64
		Win10SuperPi|x86 = Win10SuperPi|x86
	EndGlobalSection
	GlobalSection(ProjectConfigurationPlatforms) = postSolution
		{66F5161F-7038-4270-A1F5-E306EEF33FBF}.Debug NewCameraControl|Any CPU.ActiveCfg = Debug NewCameraControl|Any CPU
		{66F5161F-7038-4270-A1F5-E306EEF33FBF}.Debug NewCameraControl|Any CPU.Build.0 = Debug NewCameraControl|Any CPU
		{66F5161F-7038-4270-A1F5-E306EEF33FBF}.Debug NewCameraControl|ARM.ActiveCfg = Debug NewCameraControl|Any CPU
		{66F5161F-7038-4270-A1F5-E306EEF33FBF}.Debug NewCameraControl|ARM.Build.0 = Debug NewCameraControl|Any CPU
		{66F5161F-7038-4270-A1F5-E306EEF33FBF}.Debug NewCameraControl|x64.ActiveCfg = Debug NewCameraControl|Any CPU
		{66F5161F-7038-4270-A1F5-E306EEF33FBF}.Debug NewCameraControl|x64.Build.0 = Debug NewCameraControl|Any CPU
		{66F5161F-7038-4270-A1F5-E306EEF33FBF}.Debug NewCameraControl|x86.ActiveCfg = Debug NewCameraControl|x86
		{66F5161F-7038-4270-A1F5-E306EEF33FBF}.Debug NewCameraControl|x86.Build.0 = Debug NewCameraControl|x86
		{66F5161F-7038-4270-A1F5-E306EEF33FBF}.Debug|Any CPU.ActiveCfg = Debug|Any CPU
		{66F5161F-7038-4270-A1F5-E306EEF33FBF}.Debug|Any CPU.Build.0 = Debug|Any CPU
		{66F5161F-7038-4270-A1F5-E306EEF33FBF}.Debug|ARM.ActiveCfg = Debug|Any CPU
		{66F5161F-7038-4270-A1F5-E306EEF33FBF}.Debug|ARM.Build.0 = Debug|Any CPU
		{66F5161F-7038-4270-A1F5-E306EEF33FBF}.Debug|x64.ActiveCfg = Debug|Any CPU
		{66F5161F-7038-4270-A1F5-E306EEF33FBF}.Debug|x64.Build.0 = Debug|Any CPU
		{66F5161F-7038-4270-A1F5-E306EEF33FBF}.Debug|x86.ActiveCfg = Debug|x86
		{66F5161F-7038-4270-A1F5-E306EEF33FBF}.Debug|x86.Build.0 = Debug|x86
		{66F5161F-7038-4270-A1F5-E306EEF33FBF}.Duka|Any CPU.ActiveCfg = Duka|Any CPU
		{66F5161F-7038-4270-A1F5-E306EEF33FBF}.Duka|Any CPU.Build.0 = Duka|Any CPU
		{66F5161F-7038-4270-A1F5-E306EEF33FBF}.Duka|ARM.ActiveCfg = Duka|Any CPU
		{66F5161F-7038-4270-A1F5-E306EEF33FBF}.Duka|ARM.Build.0 = Duka|Any CPU
		{66F5161F-7038-4270-A1F5-E306EEF33FBF}.Duka|x64.ActiveCfg = Duka|Any CPU
		{66F5161F-7038-4270-A1F5-E306EEF33FBF}.Duka|x64.Build.0 = Duka|Any CPU
		{66F5161F-7038-4270-A1F5-E306EEF33FBF}.Duka|x86.ActiveCfg = Duka|x86
		{66F5161F-7038-4270-A1F5-E306EEF33FBF}.Duka|x86.Build.0 = Duka|x86
		{66F5161F-7038-4270-A1F5-E306EEF33FBF}.Juan|Any CPU.ActiveCfg = Juan|Any CPU
		{66F5161F-7038-4270-A1F5-E306EEF33FBF}.Juan|Any CPU.Build.0 = Juan|Any CPU
		{66F5161F-7038-4270-A1F5-E306EEF33FBF}.Juan|ARM.ActiveCfg = Juan|Any CPU
		{66F5161F-7038-4270-A1F5-E306EEF33FBF}.Juan|ARM.Build.0 = Juan|Any CPU
		{66F5161F-7038-4270-A1F5-E306EEF33FBF}.Juan|x64.ActiveCfg = Juan|Any CPU
		{66F5161F-7038-4270-A1F5-E306EEF33FBF}.Juan|x64.Build.0 = Juan|Any CPU
		{66F5161F-7038-4270-A1F5-E306EEF33FBF}.Juan|x86.ActiveCfg = Juan|x86
		{66F5161F-7038-4270-A1F5-E306EEF33FBF}.Juan|x86.Build.0 = Juan|x86
		{66F5161F-7038-4270-A1F5-E306EEF33FBF}.Release|Any CPU.ActiveCfg = Release|Any CPU
		{66F5161F-7038-4270-A1F5-E306EEF33FBF}.Release|Any CPU.Build.0 = Release|Any CPU
		{66F5161F-7038-4270-A1F5-E306EEF33FBF}.Release|ARM.ActiveCfg = Release|Any CPU
		{66F5161F-7038-4270-A1F5-E306EEF33FBF}.Release|ARM.Build.0 = Release|Any CPU
		{66F5161F-7038-4270-A1F5-E306EEF33FBF}.Release|x64.ActiveCfg = Release|Any CPU
		{66F5161F-7038-4270-A1F5-E306EEF33FBF}.Release|x64.Build.0 = Release|Any CPU
		{66F5161F-7038-4270-A1F5-E306EEF33FBF}.Release|x86.ActiveCfg = Release|x86
		{66F5161F-7038-4270-A1F5-E306EEF33FBF}.Release|x86.Build.0 = Release|x86
		{66F5161F-7038-4270-A1F5-E306EEF33FBF}.Vaio|Any CPU.ActiveCfg = Vaio|Any CPU
		{66F5161F-7038-4270-A1F5-E306EEF33FBF}.Vaio|Any CPU.Build.0 = Vaio|Any CPU
		{66F5161F-7038-4270-A1F5-E306EEF33FBF}.Vaio|ARM.ActiveCfg = Vaio|Any CPU
		{66F5161F-7038-4270-A1F5-E306EEF33FBF}.Vaio|ARM.Build.0 = Vaio|Any CPU
		{66F5161F-7038-4270-A1F5-E306EEF33FBF}.Vaio|x64.ActiveCfg = Vaio|Any CPU
		{66F5161F-7038-4270-A1F5-E306EEF33FBF}.Vaio|x64.Build.0 = Vaio|Any CPU
		{66F5161F-7038-4270-A1F5-E306EEF33FBF}.Vaio|x86.ActiveCfg = Vaio|x86
		{66F5161F-7038-4270-A1F5-E306EEF33FBF}.Vaio|x86.Build.0 = Vaio|x86
		{66F5161F-7038-4270-A1F5-E306EEF33FBF}.Win10SuperPi|Any CPU.ActiveCfg = Win10SuperPi|Any CPU
		{66F5161F-7038-4270-A1F5-E306EEF33FBF}.Win10SuperPi|Any CPU.Build.0 = Win10SuperPi|Any CPU
		{66F5161F-7038-4270-A1F5-E306EEF33FBF}.Win10SuperPi|ARM.ActiveCfg = Win10SuperPi|Any CPU
		{66F5161F-7038-4270-A1F5-E306EEF33FBF}.Win10SuperPi|ARM.Build.0 = Win10SuperPi|Any CPU
		{66F5161F-7038-4270-A1F5-E306EEF33FBF}.Win10SuperPi|x64.ActiveCfg = Win10SuperPi|Any CPU
		{66F5161F-7038-4270-A1F5-E306EEF33FBF}.Win10SuperPi|x64.Build.0 = Win10SuperPi|Any CPU
		{66F5161F-7038-4270-A1F5-E306EEF33FBF}.Win10SuperPi|x86.ActiveCfg = Win10SuperPi|x86
		{66F5161F-7038-4270-A1F5-E306EEF33FBF}.Win10SuperPi|x86.Build.0 = Win10SuperPi|x86
		{8376216C-282A-4927-B9EF-C2D545FE0BCA}.Debug NewCameraControl|Any CPU.ActiveCfg = Release|x64
		{8376216C-282A-4927-B9EF-C2D545FE0BCA}.Debug NewCameraControl|Any CPU.Build.0 = Release|x64
		{8376216C-282A-4927-B9EF-C2D545FE0BCA}.Debug NewCameraControl|ARM.ActiveCfg = Debug|ARM
		{8376216C-282A-4927-B9EF-C2D545FE0BCA}.Debug NewCameraControl|ARM.Build.0 = Debug|ARM
		{8376216C-282A-4927-B9EF-C2D545FE0BCA}.Debug NewCameraControl|x64.ActiveCfg = Debug|x64
		{8376216C-282A-4927-B9EF-C2D545FE0BCA}.Debug NewCameraControl|x64.Build.0 = Debug|x64
		{8376216C-282A-4927-B9EF-C2D545FE0BCA}.Debug NewCameraControl|x86.ActiveCfg = Debug|Win32
		{8376216C-282A-4927-B9EF-C2D545FE0BCA}.Debug NewCameraControl|x86.Build.0 = Debug|Win32
		{8376216C-282A-4927-B9EF-C2D545FE0BCA}.Debug|Any CPU.ActiveCfg = Debug|Win32
		{8376216C-282A-4927-B9EF-C2D545FE0BCA}.Debug|ARM.ActiveCfg = Debug|ARM
		{8376216C-282A-4927-B9EF-C2D545FE0BCA}.Debug|ARM.Build.0 = Debug|ARM
		{8376216C-282A-4927-B9EF-C2D545FE0BCA}.Debug|x64.ActiveCfg = Debug|x64
		{8376216C-282A-4927-B9EF-C2D545FE0BCA}.Debug|x64.Build.0 = Debug|x64
		{8376216C-282A-4927-B9EF-C2D545FE0BCA}.Debug|x86.ActiveCfg = Debug|Win32
		{8376216C-282A-4927-B9EF-C2D545FE0BCA}.Debug|x86.Build.0 = Debug|Win32
		{8376216C-282A-4927-B9EF-C2D545FE0BCA}.Duka|Any CPU.ActiveCfg = Release|x64
		{8376216C-282A-4927-B9EF-C2D545FE0BCA}.Duka|Any CPU.Build.0 = Release|x64
		{8376216C-282A-4927-B9EF-C2D545FE0BCA}.Duka|ARM.ActiveCfg = Debug|ARM
		{8376216C-282A-4927-B9EF-C2D545FE0BCA}.Duka|ARM.Build.0 = Debug|ARM
		{8376216C-282A-4927-B9EF-C2D545FE0BCA}.Duka|x64.ActiveCfg = Debug|x64
		{8376216C-282A-4927-B9EF-C2D545FE0BCA}.Duka|x64.Build.0 = Debug|x64
		{8376216C-282A-4927-B9EF-C2D545FE0BCA}.Duka|x86.ActiveCfg = Debug|Win32
		{8376216C-282A-4927-B9EF-C2D545FE0BCA}.Duka|x86.Build.0 = Debug|Win32
		{8376216C-282A-4927-B9EF-C2D545FE0BCA}.Juan|Any CPU.ActiveCfg = Release|x64
		{8376216C-282A-4927-B9EF-C2D545FE0BCA}.Juan|Any CPU.Build.0 = Release|x64
		{8376216C-282A-4927-B9EF-C2D545FE0BCA}.Juan|ARM.ActiveCfg = Release|ARM
		{8376216C-282A-4927-B9EF-C2D545FE0BCA}.Juan|ARM.Build.0 = Release|ARM
		{8376216C-282A-4927-B9EF-C2D545FE0BCA}.Juan|x64.ActiveCfg = Release|x64
		{8376216C-282A-4927-B9EF-C2D545FE0BCA}.Juan|x64.Build.0 = Release|x64
		{8376216C-282A-4927-B9EF-C2D545FE0BCA}.Juan|x86.ActiveCfg = Release|Win32
		{8376216C-282A-4927-B9EF-C2D545FE0BCA}.Juan|x86.Build.0 = Release|Win32
		{8376216C-282A-4927-B9EF-C2D545FE0BCA}.Release|Any CPU.ActiveCfg = Release|Win32
		{8376216C-282A-4927-B9EF-C2D545FE0BCA}.Release|ARM.ActiveCfg = Release|ARM
		{8376216C-282A-4927-B9EF-C2D545FE0BCA}.Release|ARM.Build.0 = Release|ARM
		{8376216C-282A-4927-B9EF-C2D545FE0BCA}.Release|x64.ActiveCfg = Release|x64
		{8376216C-282A-4927-B9EF-C2D545FE0BCA}.Release|x64.Build.0 = Release|x64
		{8376216C-282A-4927-B9EF-C2D545FE0BCA}.Release|x86.ActiveCfg = Release|Win32
		{8376216C-282A-4927-B9EF-C2D545FE0BCA}.Release|x86.Build.0 = Release|Win32
		{8376216C-282A-4927-B9EF-C2D545FE0BCA}.Vaio|Any CPU.ActiveCfg = Release|x64
		{8376216C-282A-4927-B9EF-C2D545FE0BCA}.Vaio|Any CPU.Build.0 = Release|x64
		{8376216C-282A-4927-B9EF-C2D545FE0BCA}.Vaio|ARM.ActiveCfg = Release|ARM
		{8376216C-282A-4927-B9EF-C2D545FE0BCA}.Vaio|ARM.Build.0 = Release|ARM
		{8376216C-282A-4927-B9EF-C2D545FE0BCA}.Vaio|x64.ActiveCfg = Release|x64
		{8376216C-282A-4927-B9EF-C2D545FE0BCA}.Vaio|x64.Build.0 = Release|x64
		{8376216C-282A-4927-B9EF-C2D545FE0BCA}.Vaio|x86.ActiveCfg = Release|Win32
		{8376216C-282A-4927-B9EF-C2D545FE0BCA}.Vaio|x86.Build.0 = Release|Win32
		{8376216C-282A-4927-B9EF-C2D545FE0BCA}.Win10SuperPi|Any CPU.ActiveCfg = Release|x64
		{8376216C-282A-4927-B9EF-C2D545FE0BCA}.Win10SuperPi|Any CPU.Build.0 = Release|x64
		{8376216C-282A-4927-B9EF-C2D545FE0BCA}.Win10SuperPi|ARM.ActiveCfg = Release|ARM
		{8376216C-282A-4927-B9EF-C2D545FE0BCA}.Win10SuperPi|ARM.Build.0 = Release|ARM
		{8376216C-282A-4927-B9EF-C2D545FE0BCA}.Win10SuperPi|x64.ActiveCfg = Release|x64
		{8376216C-282A-4927-B9EF-C2D545FE0BCA}.Win10SuperPi|x64.Build.0 = Release|x64
		{8376216C-282A-4927-B9EF-C2D545FE0BCA}.Win10SuperPi|x86.ActiveCfg = Release|Win32
		{8376216C-282A-4927-B9EF-C2D545FE0BCA}.Win10SuperPi|x86.Build.0 = Release|Win32
	EndGlobalSection
	GlobalSection(SolutionProperties) = preSolution
		HideSolutionNode = FALSE
	EndGlobalSection
EndGlobal
